// !$*UTF8*$!
{
	archiveVersion = 1;
	classes = {
	};
	objectVersion = 56;
	objects = {

/* Begin PBXBuildFile section */
		321E6D6C2CFCE02700D0C9D3 /* MockTaskEditViewController.swift in Sources */ = {isa = PBXBuildFile; fileRef = 321E6D6B2CFCE02700D0C9D3 /* MockTaskEditViewController.swift */; };
		321E6D6F2CFCE04D00D0C9D3 /* MockTaskEditInteractor.swift in Sources */ = {isa = PBXBuildFile; fileRef = 321E6D6E2CFCE04D00D0C9D3 /* MockTaskEditInteractor.swift */; };
		321E6D722CFCE07100D0C9D3 /* MockTaskEditRouter.swift in Sources */ = {isa = PBXBuildFile; fileRef = 321E6D712CFCE07100D0C9D3 /* MockTaskEditRouter.swift */; };
		324DD40C2CFCE25B00439ED3 /* TaskEditPresenterTests.swift in Sources */ = {isa = PBXBuildFile; fileRef = 321E6D742CFCE0E200D0C9D3 /* TaskEditPresenterTests.swift */; };
		324DD40E2CFCE31700439ED3 /* MockTodoStore.swift in Sources */ = {isa = PBXBuildFile; fileRef = 324DD40D2CFCE31700439ED3 /* MockTodoStore.swift */; };
		324DD4102CFCE37000439ED3 /* TaskEditInteractorTests.swift in Sources */ = {isa = PBXBuildFile; fileRef = 324DD40F2CFCE37000439ED3 /* TaskEditInteractorTests.swift */; };
		324DD4122CFCE3CF00439ED3 /* MockTaskEditPresenter.swift in Sources */ = {isa = PBXBuildFile; fileRef = 324DD4112CFCE3CF00439ED3 /* MockTaskEditPresenter.swift */; };
		324DD4162CFCE44D00439ED3 /* TaskEditViewControllerTests.swift in Sources */ = {isa = PBXBuildFile; fileRef = 324DD4152CFCE44D00439ED3 /* TaskEditViewControllerTests.swift */; };
		324DD4182CFCE4C400439ED3 /* TestConstants.swift in Sources */ = {isa = PBXBuildFile; fileRef = 324DD4172CFCE4C400439ED3 /* TestConstants.swift */; };
		328564F62CF4CB490001C830 /* AppDelegate.swift in Sources */ = {isa = PBXBuildFile; fileRef = 328564F52CF4CB490001C830 /* AppDelegate.swift */; };
		328564F82CF4CB490001C830 /* SceneDelegate.swift in Sources */ = {isa = PBXBuildFile; fileRef = 328564F72CF4CB490001C830 /* SceneDelegate.swift */; };
		328565022CF4CB4A0001C830 /* Assets.xcassets in Resources */ = {isa = PBXBuildFile; fileRef = 328565012CF4CB4A0001C830 /* Assets.xcassets */; };
		328565052CF4CB4A0001C830 /* Base in Resources */ = {isa = PBXBuildFile; fileRef = 328565042CF4CB4A0001C830 /* Base */; };
		328565102CF4CB4A0001C830 /* ToDoList_ios_VIPERTests.swift in Sources */ = {isa = PBXBuildFile; fileRef = 3285650F2CF4CB4A0001C830 /* ToDoList_ios_VIPERTests.swift */; };
		3285651A2CF4CB4A0001C830 /* ToDoList_ios_VIPERUITests.swift in Sources */ = {isa = PBXBuildFile; fileRef = 328565192CF4CB4A0001C830 /* ToDoList_ios_VIPERUITests.swift */; };
		3285651C2CF4CB4A0001C830 /* ToDoList_ios_VIPERUITestsLaunchTests.swift in Sources */ = {isa = PBXBuildFile; fileRef = 3285651B2CF4CB4A0001C830 /* ToDoList_ios_VIPERUITestsLaunchTests.swift */; };
		3285652A2CF4CC130001C830 /* ListView.swift in Sources */ = {isa = PBXBuildFile; fileRef = 328565292CF4CC130001C830 /* ListView.swift */; };
		3285652C2CF4CC9C0001C830 /* ListPresenter.swift in Sources */ = {isa = PBXBuildFile; fileRef = 3285652B2CF4CC9C0001C830 /* ListPresenter.swift */; };
		3285652E2CF4CD710001C830 /* ListConfigurator.swift in Sources */ = {isa = PBXBuildFile; fileRef = 3285652D2CF4CD710001C830 /* ListConfigurator.swift */; };
		328565302CF4CDA20001C830 /* ListItnteractor.swift in Sources */ = {isa = PBXBuildFile; fileRef = 3285652F2CF4CDA20001C830 /* ListItnteractor.swift */; };
		328565322CF4CED80001C830 /* ListRouter.swift in Sources */ = {isa = PBXBuildFile; fileRef = 328565312CF4CED80001C830 /* ListRouter.swift */; };
		328565352CF4CF5F0001C830 /* TaskEditView.swift in Sources */ = {isa = PBXBuildFile; fileRef = 328565342CF4CF5F0001C830 /* TaskEditView.swift */; };
		328565372CF4CF6D0001C830 /* TaskEditPresenter.swift in Sources */ = {isa = PBXBuildFile; fileRef = 328565362CF4CF6D0001C830 /* TaskEditPresenter.swift */; };
		328565392CF4CF7A0001C830 /* TaskEditConfigurator.swift in Sources */ = {isa = PBXBuildFile; fileRef = 328565382CF4CF7A0001C830 /* TaskEditConfigurator.swift */; };
		3285653B2CF4CF920001C830 /* TaskEditInteractor.swift in Sources */ = {isa = PBXBuildFile; fileRef = 3285653A2CF4CF920001C830 /* TaskEditInteractor.swift */; };
		3285653D2CF4CF9E0001C830 /* TaskEditRouter.swift in Sources */ = {isa = PBXBuildFile; fileRef = 3285653C2CF4CF9E0001C830 /* TaskEditRouter.swift */; };
		328565412CF4D1060001C830 /* Colors.swift in Sources */ = {isa = PBXBuildFile; fileRef = 328565402CF4D1060001C830 /* Colors.swift */; };
		328565432CF4D1300001C830 /* Fonts.swift in Sources */ = {isa = PBXBuildFile; fileRef = 328565422CF4D1300001C830 /* Fonts.swift */; };
		328565452CF4F2A00001C830 /* ListCell.swift in Sources */ = {isa = PBXBuildFile; fileRef = 328565442CF4F2A00001C830 /* ListCell.swift */; };
		328565482CF5DDDC0001C830 /* NetworkClient.swift in Sources */ = {isa = PBXBuildFile; fileRef = 328565472CF5DDDC0001C830 /* NetworkClient.swift */; };
		3285654F2CF5EC080001C830 /* Todo.swift in Sources */ = {isa = PBXBuildFile; fileRef = 3285654E2CF5EC080001C830 /* Todo.swift */; };
		328565512CF5F4CE0001C830 /* GlobalConstants.swift in Sources */ = {isa = PBXBuildFile; fileRef = 328565502CF5F4CE0001C830 /* GlobalConstants.swift */; };
		328565552CF602B40001C830 /* TodosDataModel.xcdatamodeld in Sources */ = {isa = PBXBuildFile; fileRef = 328565532CF602B40001C830 /* TodosDataModel.xcdatamodeld */; };
		328565572CF606080001C830 /* TodoStore.swift in Sources */ = {isa = PBXBuildFile; fileRef = 328565562CF606080001C830 /* TodoStore.swift */; };
		32D7F54D2CF6448F0026605C /* TodoEntity+CoreDataClass.swift in Sources */ = {isa = PBXBuildFile; fileRef = 32D7F54B2CF6448F0026605C /* TodoEntity+CoreDataClass.swift */; };
		32D7F54E2CF6448F0026605C /* TodoEntity+CoreDataProperties.swift in Sources */ = {isa = PBXBuildFile; fileRef = 32D7F54C2CF6448F0026605C /* TodoEntity+CoreDataProperties.swift */; };
		32D7F5512CF647530026605C /* String+toDate.swift in Sources */ = {isa = PBXBuildFile; fileRef = 32D7F5502CF647530026605C /* String+toDate.swift */; };
		32D7F5532CF64A230026605C /* Date+toString.swift in Sources */ = {isa = PBXBuildFile; fileRef = 32D7F5522CF64A230026605C /* Date+toString.swift */; };
		32D7F5552CF7470F0026605C /* String+makeTitle.swift in Sources */ = {isa = PBXBuildFile; fileRef = 32D7F5542CF7470F0026605C /* String+makeTitle.swift */; };
		32D7F5582CFA38320026605C /* DataLoader.swift in Sources */ = {isa = PBXBuildFile; fileRef = 32D7F5572CFA38320026605C /* DataLoader.swift */; };
/* End PBXBuildFile section */

/* Begin PBXContainerItemProxy section */
		3285650C2CF4CB4A0001C830 /* PBXContainerItemProxy */ = {
			isa = PBXContainerItemProxy;
			containerPortal = 328564EA2CF4CB490001C830 /* Project object */;
			proxyType = 1;
			remoteGlobalIDString = 328564F12CF4CB490001C830;
			remoteInfo = "ToDoList-ios-VIPER";
		};
		328565162CF4CB4A0001C830 /* PBXContainerItemProxy */ = {
			isa = PBXContainerItemProxy;
			containerPortal = 328564EA2CF4CB490001C830 /* Project object */;
			proxyType = 1;
			remoteGlobalIDString = 328564F12CF4CB490001C830;
			remoteInfo = "ToDoList-ios-VIPER";
		};
/* End PBXContainerItemProxy section */

/* Begin PBXFileReference section */
		321E6D6B2CFCE02700D0C9D3 /* MockTaskEditViewController.swift */ = {isa = PBXFileReference; lastKnownFileType = sourcecode.swift; path = MockTaskEditViewController.swift; sourceTree = "<group>"; };
		321E6D6E2CFCE04D00D0C9D3 /* MockTaskEditInteractor.swift */ = {isa = PBXFileReference; lastKnownFileType = sourcecode.swift; path = MockTaskEditInteractor.swift; sourceTree = "<group>"; };
		321E6D712CFCE07100D0C9D3 /* MockTaskEditRouter.swift */ = {isa = PBXFileReference; lastKnownFileType = sourcecode.swift; path = MockTaskEditRouter.swift; sourceTree = "<group>"; };
		321E6D742CFCE0E200D0C9D3 /* TaskEditPresenterTests.swift */ = {isa = PBXFileReference; lastKnownFileType = sourcecode.swift; path = TaskEditPresenterTests.swift; sourceTree = "<group>"; };
		324DD40D2CFCE31700439ED3 /* MockTodoStore.swift */ = {isa = PBXFileReference; lastKnownFileType = sourcecode.swift; path = MockTodoStore.swift; sourceTree = "<group>"; };
		324DD40F2CFCE37000439ED3 /* TaskEditInteractorTests.swift */ = {isa = PBXFileReference; lastKnownFileType = sourcecode.swift; path = TaskEditInteractorTests.swift; sourceTree = "<group>"; };
		324DD4112CFCE3CF00439ED3 /* MockTaskEditPresenter.swift */ = {isa = PBXFileReference; lastKnownFileType = sourcecode.swift; path = MockTaskEditPresenter.swift; sourceTree = "<group>"; };
		324DD4152CFCE44D00439ED3 /* TaskEditViewControllerTests.swift */ = {isa = PBXFileReference; lastKnownFileType = sourcecode.swift; path = TaskEditViewControllerTests.swift; sourceTree = "<group>"; };
		324DD4172CFCE4C400439ED3 /* TestConstants.swift */ = {isa = PBXFileReference; lastKnownFileType = sourcecode.swift; path = TestConstants.swift; sourceTree = "<group>"; };
		328564F22CF4CB490001C830 /* ToDoList-ios-VIPER.app */ = {isa = PBXFileReference; explicitFileType = wrapper.application; includeInIndex = 0; path = "ToDoList-ios-VIPER.app"; sourceTree = BUILT_PRODUCTS_DIR; };
		328564F52CF4CB490001C830 /* AppDelegate.swift */ = {isa = PBXFileReference; lastKnownFileType = sourcecode.swift; path = AppDelegate.swift; sourceTree = "<group>"; };
		328564F72CF4CB490001C830 /* SceneDelegate.swift */ = {isa = PBXFileReference; lastKnownFileType = sourcecode.swift; path = SceneDelegate.swift; sourceTree = "<group>"; };
		328565012CF4CB4A0001C830 /* Assets.xcassets */ = {isa = PBXFileReference; lastKnownFileType = folder.assetcatalog; path = Assets.xcassets; sourceTree = "<group>"; };
		328565042CF4CB4A0001C830 /* Base */ = {isa = PBXFileReference; lastKnownFileType = file.storyboard; name = Base; path = Base.lproj/LaunchScreen.storyboard; sourceTree = "<group>"; };
		328565062CF4CB4A0001C830 /* Info.plist */ = {isa = PBXFileReference; lastKnownFileType = text.plist.xml; path = Info.plist; sourceTree = "<group>"; };
		3285650B2CF4CB4A0001C830 /* ToDoList-ios-VIPERTests.xctest */ = {isa = PBXFileReference; explicitFileType = wrapper.cfbundle; includeInIndex = 0; path = "ToDoList-ios-VIPERTests.xctest"; sourceTree = BUILT_PRODUCTS_DIR; };
		3285650F2CF4CB4A0001C830 /* ToDoList_ios_VIPERTests.swift */ = {isa = PBXFileReference; lastKnownFileType = sourcecode.swift; path = ToDoList_ios_VIPERTests.swift; sourceTree = "<group>"; };
		328565152CF4CB4A0001C830 /* ToDoList-ios-VIPERUITests.xctest */ = {isa = PBXFileReference; explicitFileType = wrapper.cfbundle; includeInIndex = 0; path = "ToDoList-ios-VIPERUITests.xctest"; sourceTree = BUILT_PRODUCTS_DIR; };
		328565192CF4CB4A0001C830 /* ToDoList_ios_VIPERUITests.swift */ = {isa = PBXFileReference; lastKnownFileType = sourcecode.swift; path = ToDoList_ios_VIPERUITests.swift; sourceTree = "<group>"; };
		3285651B2CF4CB4A0001C830 /* ToDoList_ios_VIPERUITestsLaunchTests.swift */ = {isa = PBXFileReference; lastKnownFileType = sourcecode.swift; path = ToDoList_ios_VIPERUITestsLaunchTests.swift; sourceTree = "<group>"; };
		328565292CF4CC130001C830 /* ListView.swift */ = {isa = PBXFileReference; lastKnownFileType = sourcecode.swift; path = ListView.swift; sourceTree = "<group>"; };
		3285652B2CF4CC9C0001C830 /* ListPresenter.swift */ = {isa = PBXFileReference; lastKnownFileType = sourcecode.swift; path = ListPresenter.swift; sourceTree = "<group>"; };
		3285652D2CF4CD710001C830 /* ListConfigurator.swift */ = {isa = PBXFileReference; lastKnownFileType = sourcecode.swift; path = ListConfigurator.swift; sourceTree = "<group>"; };
		3285652F2CF4CDA20001C830 /* ListItnteractor.swift */ = {isa = PBXFileReference; lastKnownFileType = sourcecode.swift; path = ListItnteractor.swift; sourceTree = "<group>"; };
		328565312CF4CED80001C830 /* ListRouter.swift */ = {isa = PBXFileReference; lastKnownFileType = sourcecode.swift; path = ListRouter.swift; sourceTree = "<group>"; };
		328565342CF4CF5F0001C830 /* TaskEditView.swift */ = {isa = PBXFileReference; lastKnownFileType = sourcecode.swift; path = TaskEditView.swift; sourceTree = "<group>"; };
		328565362CF4CF6D0001C830 /* TaskEditPresenter.swift */ = {isa = PBXFileReference; lastKnownFileType = sourcecode.swift; path = TaskEditPresenter.swift; sourceTree = "<group>"; };
		328565382CF4CF7A0001C830 /* TaskEditConfigurator.swift */ = {isa = PBXFileReference; lastKnownFileType = sourcecode.swift; path = TaskEditConfigurator.swift; sourceTree = "<group>"; };
		3285653A2CF4CF920001C830 /* TaskEditInteractor.swift */ = {isa = PBXFileReference; lastKnownFileType = sourcecode.swift; path = TaskEditInteractor.swift; sourceTree = "<group>"; };
		3285653C2CF4CF9E0001C830 /* TaskEditRouter.swift */ = {isa = PBXFileReference; lastKnownFileType = sourcecode.swift; path = TaskEditRouter.swift; sourceTree = "<group>"; };
		328565402CF4D1060001C830 /* Colors.swift */ = {isa = PBXFileReference; lastKnownFileType = sourcecode.swift; path = Colors.swift; sourceTree = "<group>"; };
		328565422CF4D1300001C830 /* Fonts.swift */ = {isa = PBXFileReference; lastKnownFileType = sourcecode.swift; path = Fonts.swift; sourceTree = "<group>"; };
		328565442CF4F2A00001C830 /* ListCell.swift */ = {isa = PBXFileReference; lastKnownFileType = sourcecode.swift; path = ListCell.swift; sourceTree = "<group>"; };
		328565472CF5DDDC0001C830 /* NetworkClient.swift */ = {isa = PBXFileReference; lastKnownFileType = sourcecode.swift; path = NetworkClient.swift; sourceTree = "<group>"; };
		3285654E2CF5EC080001C830 /* Todo.swift */ = {isa = PBXFileReference; lastKnownFileType = sourcecode.swift; path = Todo.swift; sourceTree = "<group>"; };
		328565502CF5F4CE0001C830 /* GlobalConstants.swift */ = {isa = PBXFileReference; lastKnownFileType = sourcecode.swift; path = GlobalConstants.swift; sourceTree = "<group>"; };
		328565542CF602B40001C830 /* TasksDataModel.xcdatamodel */ = {isa = PBXFileReference; lastKnownFileType = wrapper.xcdatamodel; path = TasksDataModel.xcdatamodel; sourceTree = "<group>"; };
		328565562CF606080001C830 /* TodoStore.swift */ = {isa = PBXFileReference; lastKnownFileType = sourcecode.swift; path = TodoStore.swift; sourceTree = "<group>"; };
		32D7F54B2CF6448F0026605C /* TodoEntity+CoreDataClass.swift */ = {isa = PBXFileReference; lastKnownFileType = sourcecode.swift; path = "TodoEntity+CoreDataClass.swift"; sourceTree = "<group>"; };
		32D7F54C2CF6448F0026605C /* TodoEntity+CoreDataProperties.swift */ = {isa = PBXFileReference; lastKnownFileType = sourcecode.swift; path = "TodoEntity+CoreDataProperties.swift"; sourceTree = "<group>"; };
		32D7F5502CF647530026605C /* String+toDate.swift */ = {isa = PBXFileReference; lastKnownFileType = sourcecode.swift; path = "String+toDate.swift"; sourceTree = "<group>"; };
		32D7F5522CF64A230026605C /* Date+toString.swift */ = {isa = PBXFileReference; lastKnownFileType = sourcecode.swift; path = "Date+toString.swift"; sourceTree = "<group>"; };
		32D7F5542CF7470F0026605C /* String+makeTitle.swift */ = {isa = PBXFileReference; lastKnownFileType = sourcecode.swift; path = "String+makeTitle.swift"; sourceTree = "<group>"; };
		32D7F5572CFA38320026605C /* DataLoader.swift */ = {isa = PBXFileReference; lastKnownFileType = sourcecode.swift; path = DataLoader.swift; sourceTree = "<group>"; };
/* End PBXFileReference section */

/* Begin PBXFrameworksBuildPhase section */
		328564EF2CF4CB490001C830 /* Frameworks */ = {
			isa = PBXFrameworksBuildPhase;
			buildActionMask = 2147483647;
			files = (
			);
			runOnlyForDeploymentPostprocessing = 0;
		};
		328565082CF4CB4A0001C830 /* Frameworks */ = {
			isa = PBXFrameworksBuildPhase;
			buildActionMask = 2147483647;
			files = (
			);
			runOnlyForDeploymentPostprocessing = 0;
		};
		328565122CF4CB4A0001C830 /* Frameworks */ = {
			isa = PBXFrameworksBuildPhase;
			buildActionMask = 2147483647;
			files = (
			);
			runOnlyForDeploymentPostprocessing = 0;
		};
/* End PBXFrameworksBuildPhase section */

/* Begin PBXGroup section */
		321E6D662CFCDF3D00D0C9D3 /* TaskEditScreenTests */ = {
			isa = PBXGroup;
			children = (
				321E6D6A2CFCDFEB00D0C9D3 /* MockClasses */,
				321E6D742CFCE0E200D0C9D3 /* TaskEditPresenterTests.swift */,
				324DD40F2CFCE37000439ED3 /* TaskEditInteractorTests.swift */,
				324DD4152CFCE44D00439ED3 /* TaskEditViewControllerTests.swift */,
			);
			path = TaskEditScreenTests;
			sourceTree = "<group>";
		};
		321E6D6A2CFCDFEB00D0C9D3 /* MockClasses */ = {
			isa = PBXGroup;
			children = (
				321E6D6B2CFCE02700D0C9D3 /* MockTaskEditViewController.swift */,
				321E6D6E2CFCE04D00D0C9D3 /* MockTaskEditInteractor.swift */,
				321E6D712CFCE07100D0C9D3 /* MockTaskEditRouter.swift */,
				324DD40D2CFCE31700439ED3 /* MockTodoStore.swift */,
				324DD4112CFCE3CF00439ED3 /* MockTaskEditPresenter.swift */,
			);
			path = MockClasses;
			sourceTree = "<group>";
		};
		328564E92CF4CB490001C830 = {
			isa = PBXGroup;
			children = (
				328564F42CF4CB490001C830 /* ToDoList-ios-VIPER */,
				3285650E2CF4CB4A0001C830 /* ToDoList-ios-VIPERTests */,
				328565182CF4CB4A0001C830 /* ToDoList-ios-VIPERUITests */,
				328564F32CF4CB490001C830 /* Products */,
			);
			sourceTree = "<group>";
		};
		328564F32CF4CB490001C830 /* Products */ = {
			isa = PBXGroup;
			children = (
				328564F22CF4CB490001C830 /* ToDoList-ios-VIPER.app */,
				3285650B2CF4CB4A0001C830 /* ToDoList-ios-VIPERTests.xctest */,
				328565152CF4CB4A0001C830 /* ToDoList-ios-VIPERUITests.xctest */,
			);
			name = Products;
			sourceTree = "<group>";
		};
		328564F42CF4CB490001C830 /* ToDoList-ios-VIPER */ = {
			isa = PBXGroup;
			children = (
				32D7F5562CFA37FB0026605C /* Helpers */,
				32D7F54F2CF647350026605C /* Extensions */,
				328565522CF6027B0001C830 /* CoreData */,
				3285654D2CF5EB970001C830 /* Models */,
				328565462CF5DDC30001C830 /* Network */,
				3285653F2CF4D0EF0001C830 /* UIDesign */,
				3285653E2CF4D0B30001C830 /* Screens */,
				328564F52CF4CB490001C830 /* AppDelegate.swift */,
				328564F72CF4CB490001C830 /* SceneDelegate.swift */,
				328565012CF4CB4A0001C830 /* Assets.xcassets */,
				328565032CF4CB4A0001C830 /* LaunchScreen.storyboard */,
				328565062CF4CB4A0001C830 /* Info.plist */,
				328565502CF5F4CE0001C830 /* GlobalConstants.swift */,
			);
			path = "ToDoList-ios-VIPER";
			sourceTree = "<group>";
		};
		3285650E2CF4CB4A0001C830 /* ToDoList-ios-VIPERTests */ = {
			isa = PBXGroup;
			children = (
				321E6D662CFCDF3D00D0C9D3 /* TaskEditScreenTests */,
				3285650F2CF4CB4A0001C830 /* ToDoList_ios_VIPERTests.swift */,
				324DD4172CFCE4C400439ED3 /* TestConstants.swift */,
			);
			path = "ToDoList-ios-VIPERTests";
			sourceTree = "<group>";
		};
		328565182CF4CB4A0001C830 /* ToDoList-ios-VIPERUITests */ = {
			isa = PBXGroup;
			children = (
				328565192CF4CB4A0001C830 /* ToDoList_ios_VIPERUITests.swift */,
				3285651B2CF4CB4A0001C830 /* ToDoList_ios_VIPERUITestsLaunchTests.swift */,
			);
			path = "ToDoList-ios-VIPERUITests";
			sourceTree = "<group>";
		};
		328565282CF4CBC70001C830 /* ListScreen */ = {
			isa = PBXGroup;
			children = (
				328565292CF4CC130001C830 /* ListView.swift */,
				3285652B2CF4CC9C0001C830 /* ListPresenter.swift */,
				3285652F2CF4CDA20001C830 /* ListItnteractor.swift */,
				3285652D2CF4CD710001C830 /* ListConfigurator.swift */,
				328565312CF4CED80001C830 /* ListRouter.swift */,
				328565442CF4F2A00001C830 /* ListCell.swift */,
			);
			path = ListScreen;
			sourceTree = "<group>";
		};
		328565332CF4CF410001C830 /* TaskEditScreen */ = {
			isa = PBXGroup;
			children = (
				328565342CF4CF5F0001C830 /* TaskEditView.swift */,
				328565362CF4CF6D0001C830 /* TaskEditPresenter.swift */,
				328565382CF4CF7A0001C830 /* TaskEditConfigurator.swift */,
				3285653A2CF4CF920001C830 /* TaskEditInteractor.swift */,
				3285653C2CF4CF9E0001C830 /* TaskEditRouter.swift */,
			);
			path = TaskEditScreen;
			sourceTree = "<group>";
		};
		3285653E2CF4D0B30001C830 /* Screens */ = {
			isa = PBXGroup;
			children = (
				328565332CF4CF410001C830 /* TaskEditScreen */,
				328565282CF4CBC70001C830 /* ListScreen */,
			);
			path = Screens;
			sourceTree = "<group>";
		};
		3285653F2CF4D0EF0001C830 /* UIDesign */ = {
			isa = PBXGroup;
			children = (
				328565402CF4D1060001C830 /* Colors.swift */,
				328565422CF4D1300001C830 /* Fonts.swift */,
			);
			path = UIDesign;
			sourceTree = "<group>";
		};
		328565462CF5DDC30001C830 /* Network */ = {
			isa = PBXGroup;
			children = (
				328565472CF5DDDC0001C830 /* NetworkClient.swift */,
			);
			path = Network;
			sourceTree = "<group>";
		};
		3285654D2CF5EB970001C830 /* Models */ = {
			isa = PBXGroup;
			children = (
				3285654E2CF5EC080001C830 /* Todo.swift */,
			);
			path = Models;
			sourceTree = "<group>";
		};
		328565522CF6027B0001C830 /* CoreData */ = {
			isa = PBXGroup;
			children = (
				3285655C2CF621C60001C830 /* TodoEntityClass */,
				328565532CF602B40001C830 /* TodosDataModel.xcdatamodeld */,
				328565562CF606080001C830 /* TodoStore.swift */,
			);
			path = CoreData;
			sourceTree = "<group>";
		};
		3285655C2CF621C60001C830 /* TodoEntityClass */ = {
			isa = PBXGroup;
			children = (
				32D7F54B2CF6448F0026605C /* TodoEntity+CoreDataClass.swift */,
				32D7F54C2CF6448F0026605C /* TodoEntity+CoreDataProperties.swift */,
			);
			path = TodoEntityClass;
			sourceTree = "<group>";
		};
		32D7F54F2CF647350026605C /* Extensions */ = {
			isa = PBXGroup;
			children = (
				32D7F5502CF647530026605C /* String+toDate.swift */,
				32D7F5542CF7470F0026605C /* String+makeTitle.swift */,
				32D7F5522CF64A230026605C /* Date+toString.swift */,
			);
			path = Extensions;
			sourceTree = "<group>";
		};
		32D7F5562CFA37FB0026605C /* Helpers */ = {
			isa = PBXGroup;
			children = (
				32D7F5572CFA38320026605C /* DataLoader.swift */,
			);
			path = Helpers;
			sourceTree = "<group>";
		};
/* End PBXGroup section */

/* Begin PBXNativeTarget section */
		328564F12CF4CB490001C830 /* ToDoList-ios-VIPER */ = {
			isa = PBXNativeTarget;
			buildConfigurationList = 3285651F2CF4CB4A0001C830 /* Build configuration list for PBXNativeTarget "ToDoList-ios-VIPER" */;
			buildPhases = (
				328564EE2CF4CB490001C830 /* Sources */,
				328564EF2CF4CB490001C830 /* Frameworks */,
				328564F02CF4CB490001C830 /* Resources */,
			);
			buildRules = (
			);
			dependencies = (
			);
			name = "ToDoList-ios-VIPER";
			productName = "ToDoList-ios-VIPER";
			productReference = 328564F22CF4CB490001C830 /* ToDoList-ios-VIPER.app */;
			productType = "com.apple.product-type.application";
		};
		3285650A2CF4CB4A0001C830 /* ToDoList-ios-VIPERTests */ = {
			isa = PBXNativeTarget;
			buildConfigurationList = 328565222CF4CB4A0001C830 /* Build configuration list for PBXNativeTarget "ToDoList-ios-VIPERTests" */;
			buildPhases = (
				328565072CF4CB4A0001C830 /* Sources */,
				328565082CF4CB4A0001C830 /* Frameworks */,
				328565092CF4CB4A0001C830 /* Resources */,
			);
			buildRules = (
			);
			dependencies = (
				3285650D2CF4CB4A0001C830 /* PBXTargetDependency */,
			);
			name = "ToDoList-ios-VIPERTests";
			productName = "ToDoList-ios-VIPERTests";
			productReference = 3285650B2CF4CB4A0001C830 /* ToDoList-ios-VIPERTests.xctest */;
			productType = "com.apple.product-type.bundle.unit-test";
		};
		328565142CF4CB4A0001C830 /* ToDoList-ios-VIPERUITests */ = {
			isa = PBXNativeTarget;
			buildConfigurationList = 328565252CF4CB4A0001C830 /* Build configuration list for PBXNativeTarget "ToDoList-ios-VIPERUITests" */;
			buildPhases = (
				328565112CF4CB4A0001C830 /* Sources */,
				328565122CF4CB4A0001C830 /* Frameworks */,
				328565132CF4CB4A0001C830 /* Resources */,
			);
			buildRules = (
			);
			dependencies = (
				328565172CF4CB4A0001C830 /* PBXTargetDependency */,
			);
			name = "ToDoList-ios-VIPERUITests";
			productName = "ToDoList-ios-VIPERUITests";
			productReference = 328565152CF4CB4A0001C830 /* ToDoList-ios-VIPERUITests.xctest */;
			productType = "com.apple.product-type.bundle.ui-testing";
		};
/* End PBXNativeTarget section */

/* Begin PBXProject section */
		328564EA2CF4CB490001C830 /* Project object */ = {
			isa = PBXProject;
			attributes = {
				BuildIndependentTargetsInParallel = 1;
				LastSwiftUpdateCheck = 1540;
				LastUpgradeCheck = 1540;
				TargetAttributes = {
					328564F12CF4CB490001C830 = {
						CreatedOnToolsVersion = 15.4;
					};
					3285650A2CF4CB4A0001C830 = {
						CreatedOnToolsVersion = 15.4;
						TestTargetID = 328564F12CF4CB490001C830;
					};
					328565142CF4CB4A0001C830 = {
						CreatedOnToolsVersion = 15.4;
						TestTargetID = 328564F12CF4CB490001C830;
					};
				};
			};
			buildConfigurationList = 328564ED2CF4CB490001C830 /* Build configuration list for PBXProject "ToDoList-ios-VIPER" */;
			compatibilityVersion = "Xcode 14.0";
			developmentRegion = en;
			hasScannedForEncodings = 0;
			knownRegions = (
				en,
				Base,
			);
			mainGroup = 328564E92CF4CB490001C830;
			productRefGroup = 328564F32CF4CB490001C830 /* Products */;
			projectDirPath = "";
			projectRoot = "";
			targets = (
				328564F12CF4CB490001C830 /* ToDoList-ios-VIPER */,
				3285650A2CF4CB4A0001C830 /* ToDoList-ios-VIPERTests */,
				328565142CF4CB4A0001C830 /* ToDoList-ios-VIPERUITests */,
			);
		};
/* End PBXProject section */

/* Begin PBXResourcesBuildPhase section */
		328564F02CF4CB490001C830 /* Resources */ = {
			isa = PBXResourcesBuildPhase;
			buildActionMask = 2147483647;
			files = (
				328565022CF4CB4A0001C830 /* Assets.xcassets in Resources */,
				328565052CF4CB4A0001C830 /* Base in Resources */,
			);
			runOnlyForDeploymentPostprocessing = 0;
		};
		328565092CF4CB4A0001C830 /* Resources */ = {
			isa = PBXResourcesBuildPhase;
			buildActionMask = 2147483647;
			files = (
			);
			runOnlyForDeploymentPostprocessing = 0;
		};
		328565132CF4CB4A0001C830 /* Resources */ = {
			isa = PBXResourcesBuildPhase;
			buildActionMask = 2147483647;
			files = (
			);
			runOnlyForDeploymentPostprocessing = 0;
		};
/* End PBXResourcesBuildPhase section */

/* Begin PBXSourcesBuildPhase section */
		328564EE2CF4CB490001C830 /* Sources */ = {
			isa = PBXSourcesBuildPhase;
			buildActionMask = 2147483647;
			files = (
				328565432CF4D1300001C830 /* Fonts.swift in Sources */,
				328565512CF5F4CE0001C830 /* GlobalConstants.swift in Sources */,
				328565572CF606080001C830 /* TodoStore.swift in Sources */,
				32D7F5512CF647530026605C /* String+toDate.swift in Sources */,
				328565322CF4CED80001C830 /* ListRouter.swift in Sources */,
				32D7F54D2CF6448F0026605C /* TodoEntity+CoreDataClass.swift in Sources */,
				32D7F54E2CF6448F0026605C /* TodoEntity+CoreDataProperties.swift in Sources */,
				328565412CF4D1060001C830 /* Colors.swift in Sources */,
				32D7F5552CF7470F0026605C /* String+makeTitle.swift in Sources */,
				3285652E2CF4CD710001C830 /* ListConfigurator.swift in Sources */,
				32D7F5532CF64A230026605C /* Date+toString.swift in Sources */,
				328565452CF4F2A00001C830 /* ListCell.swift in Sources */,
				328565302CF4CDA20001C830 /* ListItnteractor.swift in Sources */,
				3285652A2CF4CC130001C830 /* ListView.swift in Sources */,
				328565482CF5DDDC0001C830 /* NetworkClient.swift in Sources */,
				328564F62CF4CB490001C830 /* AppDelegate.swift in Sources */,
				3285652C2CF4CC9C0001C830 /* ListPresenter.swift in Sources */,
				328565552CF602B40001C830 /* TodosDataModel.xcdatamodeld in Sources */,
				328565372CF4CF6D0001C830 /* TaskEditPresenter.swift in Sources */,
				3285653D2CF4CF9E0001C830 /* TaskEditRouter.swift in Sources */,
				328565392CF4CF7A0001C830 /* TaskEditConfigurator.swift in Sources */,
				3285653B2CF4CF920001C830 /* TaskEditInteractor.swift in Sources */,
				32D7F5582CFA38320026605C /* DataLoader.swift in Sources */,
				328564F82CF4CB490001C830 /* SceneDelegate.swift in Sources */,
				3285654F2CF5EC080001C830 /* Todo.swift in Sources */,
				328565352CF4CF5F0001C830 /* TaskEditView.swift in Sources */,
			);
			runOnlyForDeploymentPostprocessing = 0;
		};
		328565072CF4CB4A0001C830 /* Sources */ = {
			isa = PBXSourcesBuildPhase;
			buildActionMask = 2147483647;
			files = (
				321E6D6C2CFCE02700D0C9D3 /* MockTaskEditViewController.swift in Sources */,
				324DD4122CFCE3CF00439ED3 /* MockTaskEditPresenter.swift in Sources */,
				324DD4102CFCE37000439ED3 /* TaskEditInteractorTests.swift in Sources */,
				321E6D6F2CFCE04D00D0C9D3 /* MockTaskEditInteractor.swift in Sources */,
				324DD4162CFCE44D00439ED3 /* TaskEditViewControllerTests.swift in Sources */,
				321E6D722CFCE07100D0C9D3 /* MockTaskEditRouter.swift in Sources */,
				328565102CF4CB4A0001C830 /* ToDoList_ios_VIPERTests.swift in Sources */,
				324DD4182CFCE4C400439ED3 /* TestConstants.swift in Sources */,
				324DD40C2CFCE25B00439ED3 /* TaskEditPresenterTests.swift in Sources */,
				324DD40E2CFCE31700439ED3 /* MockTodoStore.swift in Sources */,
			);
			runOnlyForDeploymentPostprocessing = 0;
		};
		328565112CF4CB4A0001C830 /* Sources */ = {
			isa = PBXSourcesBuildPhase;
			buildActionMask = 2147483647;
			files = (
				3285651A2CF4CB4A0001C830 /* ToDoList_ios_VIPERUITests.swift in Sources */,
				3285651C2CF4CB4A0001C830 /* ToDoList_ios_VIPERUITestsLaunchTests.swift in Sources */,
			);
			runOnlyForDeploymentPostprocessing = 0;
		};
/* End PBXSourcesBuildPhase section */

/* Begin PBXTargetDependency section */
		3285650D2CF4CB4A0001C830 /* PBXTargetDependency */ = {
			isa = PBXTargetDependency;
			target = 328564F12CF4CB490001C830 /* ToDoList-ios-VIPER */;
			targetProxy = 3285650C2CF4CB4A0001C830 /* PBXContainerItemProxy */;
		};
		328565172CF4CB4A0001C830 /* PBXTargetDependency */ = {
			isa = PBXTargetDependency;
			target = 328564F12CF4CB490001C830 /* ToDoList-ios-VIPER */;
			targetProxy = 328565162CF4CB4A0001C830 /* PBXContainerItemProxy */;
		};
/* End PBXTargetDependency section */

/* Begin PBXVariantGroup section */
		328565032CF4CB4A0001C830 /* LaunchScreen.storyboard */ = {
			isa = PBXVariantGroup;
			children = (
				328565042CF4CB4A0001C830 /* Base */,
			);
			name = LaunchScreen.storyboard;
			sourceTree = "<group>";
		};
/* End PBXVariantGroup section */

/* Begin XCBuildConfiguration section */
		3285651D2CF4CB4A0001C830 /* Debug */ = {
			isa = XCBuildConfiguration;
			buildSettings = {
				ALWAYS_SEARCH_USER_PATHS = NO;
				ASSETCATALOG_COMPILER_GENERATE_SWIFT_ASSET_SYMBOL_EXTENSIONS = YES;
				CLANG_ANALYZER_NONNULL = YES;
				CLANG_ANALYZER_NUMBER_OBJECT_CONVERSION = YES_AGGRESSIVE;
				CLANG_CXX_LANGUAGE_STANDARD = "gnu++20";
				CLANG_ENABLE_MODULES = YES;
				CLANG_ENABLE_OBJC_ARC = YES;
				CLANG_ENABLE_OBJC_WEAK = YES;
				CLANG_WARN_BLOCK_CAPTURE_AUTORELEASING = YES;
				CLANG_WARN_BOOL_CONVERSION = YES;
				CLANG_WARN_COMMA = YES;
				CLANG_WARN_CONSTANT_CONVERSION = YES;
				CLANG_WARN_DEPRECATED_OBJC_IMPLEMENTATIONS = YES;
				CLANG_WARN_DIRECT_OBJC_ISA_USAGE = YES_ERROR;
				CLANG_WARN_DOCUMENTATION_COMMENTS = YES;
				CLANG_WARN_EMPTY_BODY = YES;
				CLANG_WARN_ENUM_CONVERSION = YES;
				CLANG_WARN_INFINITE_RECURSION = YES;
				CLANG_WARN_INT_CONVERSION = YES;
				CLANG_WARN_NON_LITERAL_NULL_CONVERSION = YES;
				CLANG_WARN_OBJC_IMPLICIT_RETAIN_SELF = YES;
				CLANG_WARN_OBJC_LITERAL_CONVERSION = YES;
				CLANG_WARN_OBJC_ROOT_CLASS = YES_ERROR;
				CLANG_WARN_QUOTED_INCLUDE_IN_FRAMEWORK_HEADER = YES;
				CLANG_WARN_RANGE_LOOP_ANALYSIS = YES;
				CLANG_WARN_STRICT_PROTOTYPES = YES;
				CLANG_WARN_SUSPICIOUS_MOVE = YES;
				CLANG_WARN_UNGUARDED_AVAILABILITY = YES_AGGRESSIVE;
				CLANG_WARN_UNREACHABLE_CODE = YES;
				CLANG_WARN__DUPLICATE_METHOD_MATCH = YES;
				COPY_PHASE_STRIP = NO;
				DEBUG_INFORMATION_FORMAT = dwarf;
				ENABLE_STRICT_OBJC_MSGSEND = YES;
				ENABLE_TESTABILITY = YES;
				ENABLE_USER_SCRIPT_SANDBOXING = YES;
				GCC_C_LANGUAGE_STANDARD = gnu17;
				GCC_DYNAMIC_NO_PIC = NO;
				GCC_NO_COMMON_BLOCKS = YES;
				GCC_OPTIMIZATION_LEVEL = 0;
				GCC_PREPROCESSOR_DEFINITIONS = (
					"DEBUG=1",
					"$(inherited)",
				);
				GCC_WARN_64_TO_32_BIT_CONVERSION = YES;
				GCC_WARN_ABOUT_RETURN_TYPE = YES_ERROR;
				GCC_WARN_UNDECLARED_SELECTOR = YES;
				GCC_WARN_UNINITIALIZED_AUTOS = YES_AGGRESSIVE;
				GCC_WARN_UNUSED_FUNCTION = YES;
				GCC_WARN_UNUSED_VARIABLE = YES;
				IPHONEOS_DEPLOYMENT_TARGET = 17.5;
				LOCALIZATION_PREFERS_STRING_CATALOGS = YES;
				MTL_ENABLE_DEBUG_INFO = INCLUDE_SOURCE;
				MTL_FAST_MATH = YES;
				ONLY_ACTIVE_ARCH = YES;
				SDKROOT = iphoneos;
				SWIFT_ACTIVE_COMPILATION_CONDITIONS = "DEBUG $(inherited)";
				SWIFT_OPTIMIZATION_LEVEL = "-Onone";
			};
			name = Debug;
		};
		3285651E2CF4CB4A0001C830 /* Release */ = {
			isa = XCBuildConfiguration;
			buildSettings = {
				ALWAYS_SEARCH_USER_PATHS = NO;
				ASSETCATALOG_COMPILER_GENERATE_SWIFT_ASSET_SYMBOL_EXTENSIONS = YES;
				CLANG_ANALYZER_NONNULL = YES;
				CLANG_ANALYZER_NUMBER_OBJECT_CONVERSION = YES_AGGRESSIVE;
				CLANG_CXX_LANGUAGE_STANDARD = "gnu++20";
				CLANG_ENABLE_MODULES = YES;
				CLANG_ENABLE_OBJC_ARC = YES;
				CLANG_ENABLE_OBJC_WEAK = YES;
				CLANG_WARN_BLOCK_CAPTURE_AUTORELEASING = YES;
				CLANG_WARN_BOOL_CONVERSION = YES;
				CLANG_WARN_COMMA = YES;
				CLANG_WARN_CONSTANT_CONVERSION = YES;
				CLANG_WARN_DEPRECATED_OBJC_IMPLEMENTATIONS = YES;
				CLANG_WARN_DIRECT_OBJC_ISA_USAGE = YES_ERROR;
				CLANG_WARN_DOCUMENTATION_COMMENTS = YES;
				CLANG_WARN_EMPTY_BODY = YES;
				CLANG_WARN_ENUM_CONVERSION = YES;
				CLANG_WARN_INFINITE_RECURSION = YES;
				CLANG_WARN_INT_CONVERSION = YES;
				CLANG_WARN_NON_LITERAL_NULL_CONVERSION = YES;
				CLANG_WARN_OBJC_IMPLICIT_RETAIN_SELF = YES;
				CLANG_WARN_OBJC_LITERAL_CONVERSION = YES;
				CLANG_WARN_OBJC_ROOT_CLASS = YES_ERROR;
				CLANG_WARN_QUOTED_INCLUDE_IN_FRAMEWORK_HEADER = YES;
				CLANG_WARN_RANGE_LOOP_ANALYSIS = YES;
				CLANG_WARN_STRICT_PROTOTYPES = YES;
				CLANG_WARN_SUSPICIOUS_MOVE = YES;
				CLANG_WARN_UNGUARDED_AVAILABILITY = YES_AGGRESSIVE;
				CLANG_WARN_UNREACHABLE_CODE = YES;
				CLANG_WARN__DUPLICATE_METHOD_MATCH = YES;
				COPY_PHASE_STRIP = NO;
				DEBUG_INFORMATION_FORMAT = "dwarf-with-dsym";
				ENABLE_NS_ASSERTIONS = NO;
				ENABLE_STRICT_OBJC_MSGSEND = YES;
				ENABLE_USER_SCRIPT_SANDBOXING = YES;
				GCC_C_LANGUAGE_STANDARD = gnu17;
				GCC_NO_COMMON_BLOCKS = YES;
				GCC_WARN_64_TO_32_BIT_CONVERSION = YES;
				GCC_WARN_ABOUT_RETURN_TYPE = YES_ERROR;
				GCC_WARN_UNDECLARED_SELECTOR = YES;
				GCC_WARN_UNINITIALIZED_AUTOS = YES_AGGRESSIVE;
				GCC_WARN_UNUSED_FUNCTION = YES;
				GCC_WARN_UNUSED_VARIABLE = YES;
				IPHONEOS_DEPLOYMENT_TARGET = 17.5;
				LOCALIZATION_PREFERS_STRING_CATALOGS = YES;
				MTL_ENABLE_DEBUG_INFO = NO;
				MTL_FAST_MATH = YES;
				SDKROOT = iphoneos;
				SWIFT_COMPILATION_MODE = wholemodule;
				VALIDATE_PRODUCT = YES;
			};
			name = Release;
		};
		328565202CF4CB4A0001C830 /* Debug */ = {
			isa = XCBuildConfiguration;
			buildSettings = {
				ASSETCATALOG_COMPILER_APPICON_NAME = AppIcon;
				ASSETCATALOG_COMPILER_GLOBAL_ACCENT_COLOR_NAME = AccentColor;
				CODE_SIGN_STYLE = Automatic;
				CURRENT_PROJECT_VERSION = 1;
				DEVELOPMENT_TEAM = 34FDFN93B8;
				GENERATE_INFOPLIST_FILE = YES;
				INFOPLIST_FILE = "ToDoList-ios-VIPER/Info.plist";
				INFOPLIST_KEY_UIApplicationSupportsIndirectInputEvents = YES;
				INFOPLIST_KEY_UILaunchStoryboardName = LaunchScreen;
				INFOPLIST_KEY_UISupportedInterfaceOrientations_iPad = "UIInterfaceOrientationPortrait UIInterfaceOrientationPortraitUpsideDown UIInterfaceOrientationLandscapeLeft UIInterfaceOrientationLandscapeRight";
				INFOPLIST_KEY_UISupportedInterfaceOrientations_iPhone = "UIInterfaceOrientationPortrait UIInterfaceOrientationLandscapeLeft UIInterfaceOrientationLandscapeRight";
				LD_RUNPATH_SEARCH_PATHS = (
					"$(inherited)",
					"@executable_path/Frameworks",
				);
				MARKETING_VERSION = 1.0;
				PRODUCT_BUNDLE_IDENTIFIER = "com.nerovny.ToDoList-ios-VIPER";
				PRODUCT_NAME = "$(TARGET_NAME)";
				SWIFT_EMIT_LOC_STRINGS = YES;
				SWIFT_VERSION = 5.0;
				TARGETED_DEVICE_FAMILY = "1,2";
			};
			name = Debug;
		};
		328565212CF4CB4A0001C830 /* Release */ = {
			isa = XCBuildConfiguration;
			buildSettings = {
				ASSETCATALOG_COMPILER_APPICON_NAME = AppIcon;
				ASSETCATALOG_COMPILER_GLOBAL_ACCENT_COLOR_NAME = AccentColor;
				CODE_SIGN_STYLE = Automatic;
				CURRENT_PROJECT_VERSION = 1;
				DEVELOPMENT_TEAM = 34FDFN93B8;
				GENERATE_INFOPLIST_FILE = YES;
				INFOPLIST_FILE = "ToDoList-ios-VIPER/Info.plist";
				INFOPLIST_KEY_UIApplicationSupportsIndirectInputEvents = YES;
				INFOPLIST_KEY_UILaunchStoryboardName = LaunchScreen;
				INFOPLIST_KEY_UISupportedInterfaceOrientations_iPad = "UIInterfaceOrientationPortrait UIInterfaceOrientationPortraitUpsideDown UIInterfaceOrientationLandscapeLeft UIInterfaceOrientationLandscapeRight";
				INFOPLIST_KEY_UISupportedInterfaceOrientations_iPhone = "UIInterfaceOrientationPortrait UIInterfaceOrientationLandscapeLeft UIInterfaceOrientationLandscapeRight";
				LD_RUNPATH_SEARCH_PATHS = (
					"$(inherited)",
					"@executable_path/Frameworks",
				);
				MARKETING_VERSION = 1.0;
				PRODUCT_BUNDLE_IDENTIFIER = "com.nerovny.ToDoList-ios-VIPER";
				PRODUCT_NAME = "$(TARGET_NAME)";
				SWIFT_EMIT_LOC_STRINGS = YES;
				SWIFT_VERSION = 5.0;
				TARGETED_DEVICE_FAMILY = "1,2";
			};
			name = Release;
		};
		328565232CF4CB4A0001C830 /* Debug */ = {
			isa = XCBuildConfiguration;
			buildSettings = {
				ALWAYS_EMBED_SWIFT_STANDARD_LIBRARIES = YES;
				BUNDLE_LOADER = "$(TEST_HOST)";
				CODE_SIGN_STYLE = Automatic;
				CURRENT_PROJECT_VERSION = 1;
				DEVELOPMENT_TEAM = 34FDFN93B8;
				GENERATE_INFOPLIST_FILE = YES;
				IPHONEOS_DEPLOYMENT_TARGET = 17.5;
				MARKETING_VERSION = 1.0;
				PRODUCT_BUNDLE_IDENTIFIER = "com.nerovny.ToDoList-ios-VIPERTests";
				PRODUCT_NAME = "$(TARGET_NAME)";
				SWIFT_EMIT_LOC_STRINGS = NO;
				SWIFT_VERSION = 5.0;
				TARGETED_DEVICE_FAMILY = "1,2";
				TEST_HOST = "$(BUILT_PRODUCTS_DIR)/ToDoList-ios-VIPER.app/$(BUNDLE_EXECUTABLE_FOLDER_PATH)/ToDoList-ios-VIPER";
			};
			name = Debug;
		};
		328565242CF4CB4A0001C830 /* Release */ = {
			isa = XCBuildConfiguration;
			buildSettings = {
				ALWAYS_EMBED_SWIFT_STANDARD_LIBRARIES = YES;
				BUNDLE_LOADER = "$(TEST_HOST)";
				CODE_SIGN_STYLE = Automatic;
				CURRENT_PROJECT_VERSION = 1;
				DEVELOPMENT_TEAM = 34FDFN93B8;
				GENERATE_INFOPLIST_FILE = YES;
				IPHONEOS_DEPLOYMENT_TARGET = 17.5;
				MARKETING_VERSION = 1.0;
				PRODUCT_BUNDLE_IDENTIFIER = "com.nerovny.ToDoList-ios-VIPERTests";
				PRODUCT_NAME = "$(TARGET_NAME)";
				SWIFT_EMIT_LOC_STRINGS = NO;
				SWIFT_VERSION = 5.0;
				TARGETED_DEVICE_FAMILY = "1,2";
				TEST_HOST = "$(BUILT_PRODUCTS_DIR)/ToDoList-ios-VIPER.app/$(BUNDLE_EXECUTABLE_FOLDER_PATH)/ToDoList-ios-VIPER";
			};
			name = Release;
		};
		328565262CF4CB4A0001C830 /* Debug */ = {
			isa = XCBuildConfiguration;
			buildSettings = {
				ALWAYS_EMBED_SWIFT_STANDARD_LIBRARIES = YES;
				CODE_SIGN_STYLE = Automatic;
				CURRENT_PROJECT_VERSION = 1;
				DEVELOPMENT_TEAM = 34FDFN93B8;
				GENERATE_INFOPLIST_FILE = YES;
				MARKETING_VERSION = 1.0;
				PRODUCT_BUNDLE_IDENTIFIER = "com.nerovny.ToDoList-ios-VIPERUITests";
				PRODUCT_NAME = "$(TARGET_NAME)";
				SWIFT_EMIT_LOC_STRINGS = NO;
				SWIFT_VERSION = 5.0;
				TARGETED_DEVICE_FAMILY = "1,2";
				TEST_TARGET_NAME = "ToDoList-ios-VIPER";
			};
			name = Debug;
		};
		328565272CF4CB4A0001C830 /* Release */ = {
			isa = XCBuildConfiguration;
			buildSettings = {
				ALWAYS_EMBED_SWIFT_STANDARD_LIBRARIES = YES;
				CODE_SIGN_STYLE = Automatic;
				CURRENT_PROJECT_VERSION = 1;
				DEVELOPMENT_TEAM = 34FDFN93B8;
				GENERATE_INFOPLIST_FILE = YES;
				MARKETING_VERSION = 1.0;
				PRODUCT_BUNDLE_IDENTIFIER = "com.nerovny.ToDoList-ios-VIPERUITests";
				PRODUCT_NAME = "$(TARGET_NAME)";
				SWIFT_EMIT_LOC_STRINGS = NO;
				SWIFT_VERSION = 5.0;
				TARGETED_DEVICE_FAMILY = "1,2";
				TEST_TARGET_NAME = "ToDoList-ios-VIPER";
			};
			name = Release;
		};
/* End XCBuildConfiguration section */

/* Begin XCConfigurationList section */
		328564ED2CF4CB490001C830 /* Build configuration list for PBXProject "ToDoList-ios-VIPER" */ = {
			isa = XCConfigurationList;
			buildConfigurations = (
				3285651D2CF4CB4A0001C830 /* Debug */,
				3285651E2CF4CB4A0001C830 /* Release */,
			);
			defaultConfigurationIsVisible = 0;
			defaultConfigurationName = Release;
		};
		3285651F2CF4CB4A0001C830 /* Build configuration list for PBXNativeTarget "ToDoList-ios-VIPER" */ = {
			isa = XCConfigurationList;
			buildConfigurations = (
				328565202CF4CB4A0001C830 /* Debug */,
				328565212CF4CB4A0001C830 /* Release */,
			);
			defaultConfigurationIsVisible = 0;
			defaultConfigurationName = Release;
		};
		328565222CF4CB4A0001C830 /* Build configuration list for PBXNativeTarget "ToDoList-ios-VIPERTests" */ = {
			isa = XCConfigurationList;
			buildConfigurations = (
				328565232CF4CB4A0001C830 /* Debug */,
				328565242CF4CB4A0001C830 /* Release */,
			);
			defaultConfigurationIsVisible = 0;
			defaultConfigurationName = Release;
		};
		328565252CF4CB4A0001C830 /* Build configuration list for PBXNativeTarget "ToDoList-ios-VIPERUITests" */ = {
			isa = XCConfigurationList;
			buildConfigurations = (
				328565262CF4CB4A0001C830 /* Debug */,
				328565272CF4CB4A0001C830 /* Release */,
			);
			defaultConfigurationIsVisible = 0;
			defaultConfigurationName = Release;
		};
/* End XCConfigurationList section */

/* Begin XCVersionGroup section */
		328565532CF602B40001C830 /* TodosDataModel.xcdatamodeld */ = {
			isa = XCVersionGroup;
			children = (
				328565542CF602B40001C830 /* TasksDataModel.xcdatamodel */,
			);
			currentVersion = 328565542CF602B40001C830 /* TasksDataModel.xcdatamodel */;
			path = TodosDataModel.xcdatamodeld;
			sourceTree = "<group>";
			versionGroupType = wrapper.xcdatamodel;
		};
/* End XCVersionGroup section */
	};
	rootObject = 328564EA2CF4CB490001C830 /* Project object */;
}
